
Microsoft Visual Studio Solution File, Format Version 12.00
# Visual Studio Version 16
VisualStudioVersion = 16.0.29609.76
MinimumVisualStudioVersion = 10.0.40219.1
Project("{2150E333-8FDC-42A3-9474-1A3956D46DE8}") = "Src", "Src", "{DF14180D-BF9E-461C-9F6B-6EA130DEC5AD}"
EndProject
Project("{2150E333-8FDC-42A3-9474-1A3956D46DE8}") = "Presentation", "Presentation", "{5C7AF6F6-9CA0-414F-A76D-62D39216FE62}"
EndProject
Project("{FAE04EC0-301F-11D3-BF4B-00C04F79EFBC}") = "WebUI", "WebUI\WebUI.csproj", "{C6C3B10A-1B2B-4243-A566-C578CE2E42EA}"
EndProject
Project("{2150E333-8FDC-42A3-9474-1A3956D46DE8}") = "Infrastructure", "Infrastructure", "{1819B9FF-78CD-4054-A5B2-10ACF4FA2FD5}"
EndProject
Project("{FAE04EC0-301F-11D3-BF4B-00C04F79EFBC}") = "Persistence", "Persistence\Persistence.csproj", "{4FA96C44-CCD6-4FE5-AEFD-5FC827CB5752}"
EndProject
Project("{2150E333-8FDC-42A3-9474-1A3956D46DE8}") = "Core", "Core", "{74B14AFD-185A-4BAD-B30E-3053EA5FA6BC}"
EndProject
Project("{FAE04EC0-301F-11D3-BF4B-00C04F79EFBC}") = "Application", "Application\Application.csproj", "{1C1E829F-15F1-4A96-B316-4CDACFB1918F}"
EndProject
Project("{FAE04EC0-301F-11D3-BF4B-00C04F79EFBC}") = "Domain", "Domain\Domain.csproj", "{8A49FAAC-D650-44CD-BA84-E4F36F0234BC}"
EndProject
Global
	GlobalSection(SolutionConfigurationPlatforms) = preSolution
		Debug|Any CPU = Debug|Any CPU
		Release|Any CPU = Release|Any CPU
	EndGlobalSection
	GlobalSection(ProjectConfigurationPlatforms) = postSolution
		{C6C3B10A-1B2B-4243-A566-C578CE2E42EA}.Debug|Any CPU.ActiveCfg = Debug|Any CPU
		{C6C3B10A-1B2B-4243-A566-C578CE2E42EA}.Debug|Any CPU.Build.0 = Debug|Any CPU
		{C6C3B10A-1B2B-4243-A566-C578CE2E42EA}.Release|Any CPU.ActiveCfg = Release|Any CPU
		{C6C3B10A-1B2B-4243-A566-C578CE2E42EA}.Release|Any CPU.Build.0 = Release|Any CPU
		{4FA96C44-CCD6-4FE5-AEFD-5FC827CB5752}.Debug|Any CPU.ActiveCfg = Debug|Any CPU
		{4FA96C44-CCD6-4FE5-AEFD-5FC827CB5752}.Debug|Any CPU.Build.0 = Debug|Any CPU
		{4FA96C44-CCD6-4FE5-AEFD-5FC827CB5752}.Release|Any CPU.ActiveCfg = Release|Any CPU
		{4FA96C44-CCD6-4FE5-AEFD-5FC827CB5752}.Release|Any CPU.Build.0 = Release|Any CPU
		{1C1E829F-15F1-4A96-B316-4CDACFB1918F}.Debug|Any CPU.ActiveCfg = Debug|Any CPU
		{1C1E829F-15F1-4A96-B316-4CDACFB1918F}.Debug|Any CPU.Build.0 = Debug|Any CPU
		{1C1E829F-15F1-4A96-B316-4CDACFB1918F}.Release|Any CPU.ActiveCfg = Release|Any CPU
		{1C1E829F-15F1-4A96-B316-4CDACFB1918F}.Release|Any CPU.Build.0 = Release|Any CPU
		{8A49FAAC-D650-44CD-BA84-E4F36F0234BC}.Debug|Any CPU.ActiveCfg = Debug|Any CPU
		{8A49FAAC-D650-44CD-BA84-E4F36F0234BC}.Debug|Any CPU.Build.0 = Debug|Any CPU
		{8A49FAAC-D650-44CD-BA84-E4F36F0234BC}.Release|Any CPU.ActiveCfg = Release|Any CPU
		{8A49FAAC-D650-44CD-BA84-E4F36F0234BC}.Release|Any CPU.Build.0 = Release|Any CPU
	EndGlobalSection
	GlobalSection(SolutionProperties) = preSolution
		HideSolutionNode = FALSE
	EndGlobalSection
	GlobalSection(NestedProjects) = preSolution
		{5C7AF6F6-9CA0-414F-A76D-62D39216FE62} = {DF14180D-BF9E-461C-9F6B-6EA130DEC5AD}
		{C6C3B10A-1B2B-4243-A566-C578CE2E42EA} = {5C7AF6F6-9CA0-414F-A76D-62D39216FE62}
		{1819B9FF-78CD-4054-A5B2-10ACF4FA2FD5} = {DF14180D-BF9E-461C-9F6B-6EA130DEC5AD}
		{4FA96C44-CCD6-4FE5-AEFD-5FC827CB5752} = {1819B9FF-78CD-4054-A5B2-10ACF4FA2FD5}
		{74B14AFD-185A-4BAD-B30E-3053EA5FA6BC} = {DF14180D-BF9E-461C-9F6B-6EA130DEC5AD}
		{1C1E829F-15F1-4A96-B316-4CDACFB1918F} = {74B14AFD-185A-4BAD-B30E-3053EA5FA6BC}
		{8A49FAAC-D650-44CD-BA84-E4F36F0234BC} = {74B14AFD-185A-4BAD-B30E-3053EA5FA6BC}
	EndGlobalSection
	GlobalSection(ExtensibilityGlobals) = postSolution
		SolutionGuid = {F9E15678-265E-44F2-86BE-520F7404640F}
	EndGlobalSection
EndGlobal
